{
  "name": "sign-pdf-sample",
  "version": "1.0.0",
  "lockfileVersion": 1,
  "requires": true,
  "dependencies": {
    "node-forge": {
      "version": "0.9.1",
      "resolved": "https://mmrepo.jfrog.io/mmrepo/api/npm/npm-virtual/node-forge/-/node-forge-0.9.1.tgz",
      "integrity": "sha1-d1No5oRlWKtmdoWKTYxujRbGd7U="
    },
    "node-signpdf": {
      "version": "1.0.2",
      "resolved": "https://mmrepo.jfrog.io/mmrepo/api/npm/npm-virtual/node-signpdf/-/node-signpdf-1.0.2.tgz",
      "integrity": "sha1-K33Lc+OM6+1xfeNZ1Aj77QV/n3M="
    }
  }
}
